{
    "version": 3,
    "terraform_version": "0.11.7",
    "serial": 2,
    "lineage": "f7801a1e-4119-5f5f-a995-c11c40bbfa6a",
    "modules": [
        {
            "path": [
                "root"
            ],
            "outputs": {},
            "resources": {
                "data.vsphere_datacenter.DR-Sky": {
                    "type": "vsphere_datacenter",
                    "depends_on": [],
                    "primary": {
                        "id": "datacenter-2",
                        "attributes": {
                            "id": "datacenter-2"
                        },
                        "meta": {},
                        "tainted": false
                    },
                    "deposed": [],
                    "provider": "provider.vsphere"
                },
                "vsphere_folder.vSphere-Terra": {
                    "type": "vsphere_folder",
                    "depends_on": [
                        "data.vsphere_datacenter.DR-Sky"
                    ],
                    "primary": {
                        "id": "group-v5796",
                        "attributes": {
                            "custom_attributes.%": "0",
                            "datacenter_id": "datacenter-2",
                            "id": "group-v5796",
                            "path": "vSphere-Terra",
                            "tags.#": "0",
                            "type": "vm"
                        },
                        "meta": {
                            "schema_version": "1"
                        },
                        "tainted": false
                    },
                    "deposed": [],
                    "provider": "provider.vsphere"
                }
            },
            "depends_on": []
        }
    ]
}
